
Microsoft Visual Studio Solution File, Format Version 12.00
# Visual Studio Version 16
VisualStudioVersion = 16.0.29201.188
MinimumVisualStudioVersion = 10.0.40219.1
Project("{FAE04EC0-301F-11D3-BF4B-00C04F79EFBC}") = "Assignment", "Assignment.csproj", "{AFD8AF7D-D50D-41B7-8C92-21DE1157F33F}"
EndProject
Global
	GlobalSection(SolutionConfigurationPlatforms) = preSolution
		Debug|Any CPU = Debug|Any CPU
		Release|Any CPU = Release|Any CPU
	EndGlobalSection
	GlobalSection(ProjectConfigurationPlatforms) = postSolution
		{AFD8AF7D-D50D-41B7-8C92-21DE1157F33F}.Debug|Any CPU.ActiveCfg = Debug|Any CPU
		{AFD8AF7D-D50D-41B7-8C92-21DE1157F33F}.Debug|Any CPU.Build.0 = Debug|Any CPU
		{AFD8AF7D-D50D-41B7-8C92-21DE1157F33F}.Release|Any CPU.ActiveCfg = Release|Any CPU
		{AFD8AF7D-D50D-41B7-8C92-21DE1157F33F}.Release|Any CPU.Build.0 = Release|Any CPU
	EndGlobalSection
	GlobalSection(SolutionProperties) = preSolution
		HideSolutionNode = FALSE
	EndGlobalSection
	GlobalSection(ExtensibilityGlobals) = postSolution
		SolutionGuid = {7E12C950-580E-4361-A959-AE8EDC7EA9D1}
	EndGlobalSection
EndGlobal
